
Microsoft Visual Studio Solution File, Format Version 11.00
# Visual Studio 2010
Project("{FAE04EC0-301F-11D3-BF4B-00C04F79EFBC}") = "APISDataCollection", "APISDataCollection\APISDataCollection.csproj", "{373B654E-7F2E-4755-9436-1C1C24E61305}"
EndProject
Global
	GlobalSection(SolutionConfigurationPlatforms) = preSolution
		Debug|x86 = Debug|x86
		Release|x86 = Release|x86
	EndGlobalSection
	GlobalSection(ProjectConfigurationPlatforms) = postSolution
		{373B654E-7F2E-4755-9436-1C1C24E61305}.Debug|x86.ActiveCfg = Debug|x86
		{373B654E-7F2E-4755-9436-1C1C24E61305}.Debug|x86.Build.0 = Debug|x86
		{373B654E-7F2E-4755-9436-1C1C24E61305}.Release|x86.ActiveCfg = Release|x86
		{373B654E-7F2E-4755-9436-1C1C24E61305}.Release|x86.Build.0 = Release|x86
	EndGlobalSection
	GlobalSection(SolutionProperties) = preSolution
		HideSolutionNode = FALSE
	EndGlobalSection
EndGlobal
